
Microsoft Visual Studio Solution File, Format Version 12.00
# Visual Studio Version 17
VisualStudioVersion = 17.3.32922.545
MinimumVisualStudioVersion = 10.0.40219.1
Project("{FAE04EC0-301F-11D3-BF4B-00C04F79EFBC}") = "Ajax", "Ajax.csproj", "{FEAA8B29-EF3D-4DFA-A01A-04660F4B9455}"
EndProject
Global
	GlobalSection(SolutionConfigurationPlatforms) = preSolution
		Debug|Any CPU = Debug|Any CPU
		Release|Any CPU = Release|Any CPU
	EndGlobalSection
	GlobalSection(ProjectConfigurationPlatforms) = postSolution
		{FEAA8B29-EF3D-4DFA-A01A-04660F4B9455}.Debug|Any CPU.ActiveCfg = Debug|Any CPU
		{FEAA8B29-EF3D-4DFA-A01A-04660F4B9455}.Debug|Any CPU.Build.0 = Debug|Any CPU
		{FEAA8B29-EF3D-4DFA-A01A-04660F4B9455}.Release|Any CPU.ActiveCfg = Release|Any CPU
		{FEAA8B29-EF3D-4DFA-A01A-04660F4B9455}.Release|Any CPU.Build.0 = Release|Any CPU
	EndGlobalSection
	GlobalSection(SolutionProperties) = preSolution
		HideSolutionNode = FALSE
	EndGlobalSection
	GlobalSection(ExtensibilityGlobals) = postSolution
		SolutionGuid = {680BC16D-1EF9-4430-AD2D-24CF8D303CAA}
	EndGlobalSection
EndGlobal
